
Microsoft Visual Studio Solution File, Format Version 12.00
# Visual Studio Version 17
VisualStudioVersion = 17.13.35919.96
MinimumVisualStudioVersion = 10.0.40219.1
Project("{8BC9CEB8-8B4A-11D0-8D11-00A0C91BC942}") = "Chap02", "Chap02\Chap02.vcxproj", "{011D99B3-DE21-4810-8DB9-C0DBA369D80A}"
EndProject
Project("{8BC9CEB8-8B4A-11D0-8D11-00A0C91BC942}") = "Chap03", "Chap03\Chap03.vcxproj", "{A38EF89A-EDC8-4D66-8B69-417A5607693E}"
EndProject
Project("{8BC9CEB8-8B4A-11D0-8D11-00A0C91BC942}") = "Chap04", "Chap04\Chap04.vcxproj", "{E8A383C3-A3AE-41A6-9EA8-B379E29B5DBA}"
EndProject
Project("{8BC9CEB8-8B4A-11D0-8D11-00A0C91BC942}") = "Chap05", "Chap05\Chap05.vcxproj", "{82432F4F-8351-40E7-AA42-55BF7AA89F1A}"
EndProject
Project("{8BC9CEB8-8B4A-11D0-8D11-00A0C91BC942}") = "Chap06", "Chap06\Chap06.vcxproj", "{A8565D12-D439-41D9-9873-5A64FCBDE7EC}"
EndProject
Project("{8BC9CEB8-8B4A-11D0-8D11-00A0C91BC942}") = "Chap07", "Chap07\Chap07.vcxproj", "{7773657A-174C-4291-9D13-9EA68B5748CE}"
EndProject
Project("{8BC9CEB8-8B4A-11D0-8D11-00A0C91BC942}") = "Chap08", "Chap08\Chap08.vcxproj", "{264B0789-7DA3-4F01-95C7-F9F80A0685AE}"
EndProject
Global
	GlobalSection(SolutionConfigurationPlatforms) = preSolution
		Debug|x64 = Debug|x64
		Debug|x86 = Debug|x86
		Release|x64 = Release|x64
		Release|x86 = Release|x86
	EndGlobalSection
	GlobalSection(ProjectConfigurationPlatforms) = postSolution
		{011D99B3-DE21-4810-8DB9-C0DBA369D80A}.Debug|x64.ActiveCfg = Debug|x64
		{011D99B3-DE21-4810-8DB9-C0DBA369D80A}.Debug|x64.Build.0 = Debug|x64
		{011D99B3-DE21-4810-8DB9-C0DBA369D80A}.Debug|x86.ActiveCfg = Debug|Win32
		{011D99B3-DE21-4810-8DB9-C0DBA369D80A}.Debug|x86.Build.0 = Debug|Win32
		{011D99B3-DE21-4810-8DB9-C0DBA369D80A}.Release|x64.ActiveCfg = Release|x64
		{011D99B3-DE21-4810-8DB9-C0DBA369D80A}.Release|x64.Build.0 = Release|x64
		{011D99B3-DE21-4810-8DB9-C0DBA369D80A}.Release|x86.ActiveCfg = Release|Win32
		{011D99B3-DE21-4810-8DB9-C0DBA369D80A}.Release|x86.Build.0 = Release|Win32
		{A38EF89A-EDC8-4D66-8B69-417A5607693E}.Debug|x64.ActiveCfg = Debug|x64
		{A38EF89A-EDC8-4D66-8B69-417A5607693E}.Debug|x64.Build.0 = Debug|x64
		{A38EF89A-EDC8-4D66-8B69-417A5607693E}.Debug|x86.ActiveCfg = Debug|Win32
		{A38EF89A-EDC8-4D66-8B69-417A5607693E}.Debug|x86.Build.0 = Debug|Win32
		{A38EF89A-EDC8-4D66-8B69-417A5607693E}.Release|x64.ActiveCfg = Release|x64
		{A38EF89A-EDC8-4D66-8B69-417A5607693E}.Release|x64.Build.0 = Release|x64
		{A38EF89A-EDC8-4D66-8B69-417A5607693E}.Release|x86.ActiveCfg = Release|Win32
		{A38EF89A-EDC8-4D66-8B69-417A5607693E}.Release|x86.Build.0 = Release|Win32
		{E8A383C3-A3AE-41A6-9EA8-B379E29B5DBA}.Debug|x64.ActiveCfg = Debug|x64
		{E8A383C3-A3AE-41A6-9EA8-B379E29B5DBA}.Debug|x64.Build.0 = Debug|x64
		{E8A383C3-A3AE-41A6-9EA8-B379E29B5DBA}.Debug|x86.ActiveCfg = Debug|Win32
		{E8A383C3-A3AE-41A6-9EA8-B379E29B5DBA}.Debug|x86.Build.0 = Debug|Win32
		{E8A383C3-A3AE-41A6-9EA8-B379E29B5DBA}.Release|x64.ActiveCfg = Release|x64
		{E8A383C3-A3AE-41A6-9EA8-B379E29B5DBA}.Release|x64.Build.0 = Release|x64
		{E8A383C3-A3AE-41A6-9EA8-B379E29B5DBA}.Release|x86.ActiveCfg = Release|Win32
		{E8A383C3-A3AE-41A6-9EA8-B379E29B5DBA}.Release|x86.Build.0 = Release|Win32
		{82432F4F-8351-40E7-AA42-55BF7AA89F1A}.Debug|x64.ActiveCfg = Debug|x64
		{82432F4F-8351-40E7-AA42-55BF7AA89F1A}.Debug|x64.Build.0 = Debug|x64
		{82432F4F-8351-40E7-AA42-55BF7AA89F1A}.Debug|x86.ActiveCfg = Debug|Win32
		{82432F4F-8351-40E7-AA42-55BF7AA89F1A}.Debug|x86.Build.0 = Debug|Win32
		{82432F4F-8351-40E7-AA42-55BF7AA89F1A}.Release|x64.ActiveCfg = Release|x64
		{82432F4F-8351-40E7-AA42-55BF7AA89F1A}.Release|x64.Build.0 = Release|x64
		{82432F4F-8351-40E7-AA42-55BF7AA89F1A}.Release|x86.ActiveCfg = Release|Win32
		{82432F4F-8351-40E7-AA42-55BF7AA89F1A}.Release|x86.Build.0 = Release|Win32
		{A8565D12-D439-41D9-9873-5A64FCBDE7EC}.Debug|x64.ActiveCfg = Debug|x64
		{A8565D12-D439-41D9-9873-5A64FCBDE7EC}.Debug|x64.Build.0 = Debug|x64
		{A8565D12-D439-41D9-9873-5A64FCBDE7EC}.Debug|x86.ActiveCfg = Debug|Win32
		{A8565D12-D439-41D9-9873-5A64FCBDE7EC}.Debug|x86.Build.0 = Debug|Win32
		{A8565D12-D439-41D9-9873-5A64FCBDE7EC}.Release|x64.ActiveCfg = Release|x64
		{A8565D12-D439-41D9-9873-5A64FCBDE7EC}.Release|x64.Build.0 = Release|x64
		{A8565D12-D439-41D9-9873-5A64FCBDE7EC}.Release|x86.ActiveCfg = Release|Win32
		{A8565D12-D439-41D9-9873-5A64FCBDE7EC}.Release|x86.Build.0 = Release|Win32
		{7773657A-174C-4291-9D13-9EA68B5748CE}.Debug|x64.ActiveCfg = Debug|x64
		{7773657A-174C-4291-9D13-9EA68B5748CE}.Debug|x64.Build.0 = Debug|x64
		{7773657A-174C-4291-9D13-9EA68B5748CE}.Debug|x86.ActiveCfg = Debug|Win32
		{7773657A-174C-4291-9D13-9EA68B5748CE}.Debug|x86.Build.0 = Debug|Win32
		{7773657A-174C-4291-9D13-9EA68B5748CE}.Release|x64.ActiveCfg = Release|x64
		{7773657A-174C-4291-9D13-9EA68B5748CE}.Release|x64.Build.0 = Release|x64
		{7773657A-174C-4291-9D13-9EA68B5748CE}.Release|x86.ActiveCfg = Release|Win32
		{7773657A-174C-4291-9D13-9EA68B5748CE}.Release|x86.Build.0 = Release|Win32
		{264B0789-7DA3-4F01-95C7-F9F80A0685AE}.Debug|x64.ActiveCfg = Debug|x64
		{264B0789-7DA3-4F01-95C7-F9F80A0685AE}.Debug|x64.Build.0 = Debug|x64
		{264B0789-7DA3-4F01-95C7-F9F80A0685AE}.Debug|x86.ActiveCfg = Debug|Win32
		{264B0789-7DA3-4F01-95C7-F9F80A0685AE}.Debug|x86.Build.0 = Debug|Win32
		{264B0789-7DA3-4F01-95C7-F9F80A0685AE}.Release|x64.ActiveCfg = Release|x64
		{264B0789-7DA3-4F01-95C7-F9F80A0685AE}.Release|x64.Build.0 = Release|x64
		{264B0789-7DA3-4F01-95C7-F9F80A0685AE}.Release|x86.ActiveCfg = Release|Win32
		{264B0789-7DA3-4F01-95C7-F9F80A0685AE}.Release|x86.Build.0 = Release|Win32
	EndGlobalSection
	GlobalSection(SolutionProperties) = preSolution
		HideSolutionNode = FALSE
	EndGlobalSection
	GlobalSection(ExtensibilityGlobals) = postSolution
		SolutionGuid = {4F2C77C6-4579-4AC7-B6EA-673EE29ABC95}
	EndGlobalSection
EndGlobal
